
Microsoft Visual Studio Solution File, Format Version 12.00
# Visual Studio 15
VisualStudioVersion = 15.0.27130.2010
MinimumVisualStudioVersion = 10.0.40219.1
Project("{8BC9CEB8-8B4A-11D0-8D11-00A0C91BC942}") = "FEM_CUDA_Boost_V2", "FEM_CUDA_Boost_V2\FEM_CUDA_Boost_V2.vcxproj", "{9B499C68-D044-4A8B-9019-AC0C64D1E4AE}"
EndProject
Project("{8BC9CEB8-8B4A-11D0-8D11-00A0C91BC942}") = "libFEMWithCUDA", "libFEMWithCUDA\libFEMWithCUDA.vcxproj", "{5BAE6F46-B05E-4185-AD05-168C7CB54274}"
EndProject
Project("{8BC9CEB8-8B4A-11D0-8D11-00A0C91BC942}") = "libEngng", "libEngng\libEngng.vcxproj", "{B8575A4A-1FC5-4F25-B923-1D3D88740979}"
EndProject
Project("{8BC9CEB8-8B4A-11D0-8D11-00A0C91BC942}") = "libNumericalMethod", "libNumericalMethod\libNumericalMethod.vcxproj", "{F1741414-DE90-4FE5-B2B8-BFC9F83124C4}"
EndProject
Project("{8BC9CEB8-8B4A-11D0-8D11-00A0C91BC942}") = "libElement", "libElement\libElement.vcxproj", "{8FC5B9C2-DB51-46EE-BA29-4FD461DF5399}"
EndProject
Project("{8BC9CEB8-8B4A-11D0-8D11-00A0C91BC942}") = "libReader", "libReader\libReader.vcxproj", "{C63B4EC3-AED5-41B2-A4CD-6F359F64B7BC}"
EndProject
Global
	GlobalSection(SolutionConfigurationPlatforms) = preSolution
		Debug|x64 = Debug|x64
		Debug|x86 = Debug|x86
		Release|x64 = Release|x64
		Release|x86 = Release|x86
	EndGlobalSection
	GlobalSection(ProjectConfigurationPlatforms) = postSolution
		{9B499C68-D044-4A8B-9019-AC0C64D1E4AE}.Debug|x64.ActiveCfg = Debug|x64
		{9B499C68-D044-4A8B-9019-AC0C64D1E4AE}.Debug|x64.Build.0 = Debug|x64
		{9B499C68-D044-4A8B-9019-AC0C64D1E4AE}.Debug|x86.ActiveCfg = Debug|Win32
		{9B499C68-D044-4A8B-9019-AC0C64D1E4AE}.Debug|x86.Build.0 = Debug|Win32
		{9B499C68-D044-4A8B-9019-AC0C64D1E4AE}.Release|x64.ActiveCfg = Release|x64
		{9B499C68-D044-4A8B-9019-AC0C64D1E4AE}.Release|x64.Build.0 = Release|x64
		{9B499C68-D044-4A8B-9019-AC0C64D1E4AE}.Release|x86.ActiveCfg = Release|Win32
		{9B499C68-D044-4A8B-9019-AC0C64D1E4AE}.Release|x86.Build.0 = Release|Win32
		{5BAE6F46-B05E-4185-AD05-168C7CB54274}.Debug|x64.ActiveCfg = Debug|x64
		{5BAE6F46-B05E-4185-AD05-168C7CB54274}.Debug|x64.Build.0 = Debug|x64
		{5BAE6F46-B05E-4185-AD05-168C7CB54274}.Debug|x86.ActiveCfg = Debug|Win32
		{5BAE6F46-B05E-4185-AD05-168C7CB54274}.Debug|x86.Build.0 = Debug|Win32
		{5BAE6F46-B05E-4185-AD05-168C7CB54274}.Release|x64.ActiveCfg = Release|x64
		{5BAE6F46-B05E-4185-AD05-168C7CB54274}.Release|x64.Build.0 = Release|x64
		{5BAE6F46-B05E-4185-AD05-168C7CB54274}.Release|x86.ActiveCfg = Release|Win32
		{5BAE6F46-B05E-4185-AD05-168C7CB54274}.Release|x86.Build.0 = Release|Win32
		{B8575A4A-1FC5-4F25-B923-1D3D88740979}.Debug|x64.ActiveCfg = Debug|x64
		{B8575A4A-1FC5-4F25-B923-1D3D88740979}.Debug|x64.Build.0 = Debug|x64
		{B8575A4A-1FC5-4F25-B923-1D3D88740979}.Debug|x86.ActiveCfg = Debug|Win32
		{B8575A4A-1FC5-4F25-B923-1D3D88740979}.Debug|x86.Build.0 = Debug|Win32
		{B8575A4A-1FC5-4F25-B923-1D3D88740979}.Release|x64.ActiveCfg = Release|x64
		{B8575A4A-1FC5-4F25-B923-1D3D88740979}.Release|x64.Build.0 = Release|x64
		{B8575A4A-1FC5-4F25-B923-1D3D88740979}.Release|x86.ActiveCfg = Release|Win32
		{B8575A4A-1FC5-4F25-B923-1D3D88740979}.Release|x86.Build.0 = Release|Win32
		{F1741414-DE90-4FE5-B2B8-BFC9F83124C4}.Debug|x64.ActiveCfg = Debug|x64
		{F1741414-DE90-4FE5-B2B8-BFC9F83124C4}.Debug|x64.Build.0 = Debug|x64
		{F1741414-DE90-4FE5-B2B8-BFC9F83124C4}.Debug|x86.ActiveCfg = Debug|Win32
		{F1741414-DE90-4FE5-B2B8-BFC9F83124C4}.Debug|x86.Build.0 = Debug|Win32
		{F1741414-DE90-4FE5-B2B8-BFC9F83124C4}.Release|x64.ActiveCfg = Release|x64
		{F1741414-DE90-4FE5-B2B8-BFC9F83124C4}.Release|x64.Build.0 = Release|x64
		{F1741414-DE90-4FE5-B2B8-BFC9F83124C4}.Release|x86.ActiveCfg = Release|Win32
		{F1741414-DE90-4FE5-B2B8-BFC9F83124C4}.Release|x86.Build.0 = Release|Win32
		{8FC5B9C2-DB51-46EE-BA29-4FD461DF5399}.Debug|x64.ActiveCfg = Debug|x64
		{8FC5B9C2-DB51-46EE-BA29-4FD461DF5399}.Debug|x64.Build.0 = Debug|x64
		{8FC5B9C2-DB51-46EE-BA29-4FD461DF5399}.Debug|x86.ActiveCfg = Debug|Win32
		{8FC5B9C2-DB51-46EE-BA29-4FD461DF5399}.Debug|x86.Build.0 = Debug|Win32
		{8FC5B9C2-DB51-46EE-BA29-4FD461DF5399}.Release|x64.ActiveCfg = Release|x64
		{8FC5B9C2-DB51-46EE-BA29-4FD461DF5399}.Release|x64.Build.0 = Release|x64
		{8FC5B9C2-DB51-46EE-BA29-4FD461DF5399}.Release|x86.ActiveCfg = Release|Win32
		{8FC5B9C2-DB51-46EE-BA29-4FD461DF5399}.Release|x86.Build.0 = Release|Win32
		{C63B4EC3-AED5-41B2-A4CD-6F359F64B7BC}.Debug|x64.ActiveCfg = Debug|x64
		{C63B4EC3-AED5-41B2-A4CD-6F359F64B7BC}.Debug|x64.Build.0 = Debug|x64
		{C63B4EC3-AED5-41B2-A4CD-6F359F64B7BC}.Debug|x86.ActiveCfg = Debug|Win32
		{C63B4EC3-AED5-41B2-A4CD-6F359F64B7BC}.Debug|x86.Build.0 = Debug|Win32
		{C63B4EC3-AED5-41B2-A4CD-6F359F64B7BC}.Release|x64.ActiveCfg = Release|x64
		{C63B4EC3-AED5-41B2-A4CD-6F359F64B7BC}.Release|x64.Build.0 = Release|x64
		{C63B4EC3-AED5-41B2-A4CD-6F359F64B7BC}.Release|x86.ActiveCfg = Release|Win32
		{C63B4EC3-AED5-41B2-A4CD-6F359F64B7BC}.Release|x86.Build.0 = Release|Win32
	EndGlobalSection
	GlobalSection(SolutionProperties) = preSolution
		HideSolutionNode = FALSE
	EndGlobalSection
	GlobalSection(ExtensibilityGlobals) = postSolution
		SolutionGuid = {9C9A4211-2085-4E64-A008-781273FC9B0E}
	EndGlobalSection
EndGlobal
