<?xml version="1.0" encoding="utf-8"?>
<Project ToolsVersion="4.0" xmlns="http://schemas.microsoft.com/developer/msbuild/2003">
  <ItemGroup>
    <ClCompile Include="..\src\libElement\Beam21.cpp">
      <Filter>源文件</Filter>
    </ClCompile>
    <ClCompile Include="libElement.cpp">
      <Filter>源文件</Filter>
    </ClCompile>
    <ClCompile Include="..\src\libElement\Tri2D3NElemt.cpp">
      <Filter>源文件</Filter>
    </ClCompile>
    <ClCompile Include="..\src\libElement\Tri2D3NElemtOwnedStates.cpp">
      <Filter>源文件</Filter>
    </ClCompile>
    <ClCompile Include="..\src\libElement\S4R.cpp">
      <Filter>源文件</Filter>
    </ClCompile>
    <ClCompile Include="..\src\libElement\Beam31.cpp">
      <Filter>源文件</Filter>
    </ClCompile>
  </ItemGroup>
  <ItemGroup>
    <ClInclude Include="..\src\libElement\Beam21.h">
      <Filter>头文件</Filter>
    </ClInclude>
    <ClInclude Include="ElementStiffCal.h">
      <Filter>头文件</Filter>
    </ClInclude>
    <ClInclude Include="resource.h">
      <Filter>头文件</Filter>
    </ClInclude>
    <ClInclude Include="..\src\libElement\S4R.h">
      <Filter>头文件</Filter>
    </ClInclude>
    <ClInclude Include="targetver.h">
      <Filter>头文件</Filter>
    </ClInclude>
    <ClInclude Include="..\src\libElement\Tri2D3NElemt.h">
      <Filter>头文件</Filter>
    </ClInclude>
    <ClInclude Include="..\src\libElement\Tri2D3NElemtOwnedStates.h">
      <Filter>头文件</Filter>
    </ClInclude>
    <ClInclude Include="..\src\libElement\Beam31.h">
      <Filter>头文件</Filter>
    </ClInclude>
  </ItemGroup>
  <ItemGroup>
    <Filter Include="头文件">
      <UniqueIdentifier>{1880383d-f35f-41b5-a230-491fe3304e9f}</UniqueIdentifier>
    </Filter>
    <Filter Include="源文件">
      <UniqueIdentifier>{5d2a8434-81ff-4d41-8c98-552156df433c}</UniqueIdentifier>
    </Filter>
    <Filter Include="资源文件">
      <UniqueIdentifier>{586897d5-69ba-41ff-a81c-0235723863f8}</UniqueIdentifier>
    </Filter>
  </ItemGroup>
  <ItemGroup>
    <ResourceCompile Include="libElement.rc">
      <Filter>资源文件</Filter>
    </ResourceCompile>
  </ItemGroup>
</Project>