<?xml version="1.0" encoding="utf-8"?>
<Project ToolsVersion="4.0" xmlns="http://schemas.microsoft.com/developer/msbuild/2003">
  <ItemGroup>
    <Filter Include="头文件">
      <UniqueIdentifier>{16eaea55-9511-4d41-b57f-d7b4725f7db3}</UniqueIdentifier>
    </Filter>
    <Filter Include="源文件">
      <UniqueIdentifier>{b7711131-026a-4c1e-929b-0f4ba9879f99}</UniqueIdentifier>
    </Filter>
  </ItemGroup>
  <ItemGroup>
    <CudaCompile Include="kernel.cu">
      <Filter>源文件</Filter>
    </CudaCompile>
    <CudaCompile Include="..\src\libInterpolate\cuCElastic.cu">
      <Filter>源文件</Filter>
    </CudaCompile>
    <CudaCompile Include="..\src\libInterpolate\CuInterpolation.cu">
      <Filter>源文件</Filter>
    </CudaCompile>
  </ItemGroup>
  <ItemGroup>
    <ClInclude Include="E:\SDK\hbxdef\HBXDEF\HbxCudaDef\AeroTable.h">
      <Filter>头文件</Filter>
    </ClInclude>
    <ClInclude Include="E:\SDK\hbxdef\HBXDEF\HbxCudaDef\CuComponent.cuh">
      <Filter>头文件</Filter>
    </ClInclude>
    <ClInclude Include="..\src\libInterpolate\cuCElastic.h">
      <Filter>头文件</Filter>
    </ClInclude>
    <ClInclude Include="..\src\libInterpolate\cuInterpolate.h">
      <Filter>头文件</Filter>
    </ClInclude>
    <ClInclude Include="..\src\libInterpolate\BaseLag.h">
      <Filter>头文件</Filter>
    </ClInclude>
    <ClInclude Include="..\src\libInterpolate\ElasticStruct.h">
      <Filter>头文件</Filter>
    </ClInclude>
    <ClInclude Include="..\src\libInterpolate\CuInterpolation.h">
      <Filter>头文件</Filter>
    </ClInclude>
  </ItemGroup>
  <ItemGroup>
    <None Include="..\src\libInterpolate\BaseLag.inl">
      <Filter>源文件</Filter>
    </None>
  </ItemGroup>
  <ItemGroup>
    <ClCompile Include="..\src\libInterpolate\cuInterpolate.cpp">
      <Filter>源文件</Filter>
    </ClCompile>
  </ItemGroup>
</Project>