<?xml version="1.0" encoding="utf-8"?>
<Project ToolsVersion="4.0" xmlns="http://schemas.microsoft.com/developer/msbuild/2003">
  <ItemGroup>
    <Filter Include="头文件">
      <UniqueIdentifier>{16eaea55-9511-4d41-b57f-d7b4725f7db3}</UniqueIdentifier>
    </Filter>
    <Filter Include="源文件">
      <UniqueIdentifier>{b7711131-026a-4c1e-929b-0f4ba9879f99}</UniqueIdentifier>
    </Filter>
  </ItemGroup>
  <ItemGroup>
    <ClInclude Include="E:\SDK\hbxdef\HBXDEF\HbxCudaDef\CuComponent.cuh">
      <Filter>头文件</Filter>
    </ClInclude>
    <ClInclude Include="..\src\libInterpolate\InterPosStruct.h">
      <Filter>头文件</Filter>
    </ClInclude>
    <ClInclude Include="..\src\libInterpolate\interval_lib.h">
      <Filter>头文件</Filter>
    </ClInclude>
    <ClInclude Include="..\src\libInterpolate\interval_device.cuh">
      <Filter>头文件</Filter>
    </ClInclude>
    <ClInclude Include="..\src\libInterpolate\cuInterval_kernel.cuh">
      <Filter>头文件</Filter>
    </ClInclude>
    <ClInclude Include="E:\SDK\hbxdef\HBXDEF\TPOW.h">
      <Filter>头文件</Filter>
    </ClInclude>
    <ClInclude Include="E:\SDK\hbxdef\HBXDEF\HbxCudaDef\Points.h">
      <Filter>头文件</Filter>
    </ClInclude>
    <ClInclude Include="..\src\libInterpolate\Quadtree2D.h">
      <Filter>头文件</Filter>
    </ClInclude>
    <ClInclude Include="..\src\libInterpolate\Bound2D.h">
      <Filter>头文件</Filter>
    </ClInclude>
    <ClInclude Include="..\src\libInterpolate\QuadParam.h">
      <Filter>头文件</Filter>
    </ClInclude>
    <ClInclude Include="..\src\libInterpolate\Quadtree_kernel.h">
      <Filter>头文件</Filter>
    </ClInclude>
    <ClInclude Include="..\src\libInterpolate\cuInterpolate.h">
      <Filter>头文件</Filter>
    </ClInclude>
    <ClInclude Include="..\src\libInterpolate\spBaseLag.h">
      <Filter>头文件</Filter>
    </ClInclude>
    <ClInclude Include="E:\SDK\hbxdef\HBXDEF\HbxCudaDef\SharedMem.cuh">
      <Filter>头文件</Filter>
    </ClInclude>
  </ItemGroup>
  <ItemGroup>
    <CudaCompile Include="ModuleCheck.cu">
      <Filter>源文件</Filter>
    </CudaCompile>
    <CudaCompile Include="..\src\libInterpolate\cuInterpolate.cu">
      <Filter>源文件</Filter>
    </CudaCompile>
  </ItemGroup>
</Project>