<?xml version="1.0" encoding="utf-8"?>
<Project ToolsVersion="4.0" xmlns="http://schemas.microsoft.com/developer/msbuild/2003">
  <ItemGroup>
    <Filter Include="源文件">
      <UniqueIdentifier>{4FC737F1-C7A5-4376-A066-2A32D752A2FF}</UniqueIdentifier>
      <Extensions>cpp;c;cc;cxx;def;odl;idl;hpj;bat;asm;asmx</Extensions>
    </Filter>
    <Filter Include="头文件">
      <UniqueIdentifier>{93995380-89BD-4b04-88EB-625FBE52EBFB}</UniqueIdentifier>
      <Extensions>h;hh;hpp;hxx;hm;inl;inc;xsd</Extensions>
    </Filter>
    <Filter Include="资源文件">
      <UniqueIdentifier>{67DA6AB6-F800-4c08-8B7A-83BB121AAD01}</UniqueIdentifier>
      <Extensions>rc;ico;cur;bmp;dlg;rc2;rct;bin;rgs;gif;jpg;jpeg;jpe;resx;tiff;tif;png;wav;mfcribbon-ms</Extensions>
    </Filter>
  </ItemGroup>
  <ItemGroup>
    <ClCompile Include="..\src\libCUFEM\ClassFactory.cpp">
      <Filter>源文件</Filter>
    </ClCompile>
    <ClCompile Include="..\src\libCUFEM\BaseNumMethod.cpp">
      <Filter>源文件</Filter>
    </ClCompile>
    <ClCompile Include="..\src\libCUFEM\util.cpp">
      <Filter>源文件</Filter>
    </ClCompile>
    <ClCompile Include="..\src\libCUFEM\EngngMod.cpp">
      <Filter>源文件</Filter>
    </ClCompile>
    <ClCompile Include="..\src\libCUFEM\MetaStep.cpp">
      <Filter>源文件</Filter>
    </ClCompile>
    <ClCompile Include="..\src\libCUFEM\AttriRecord.cpp">
      <Filter>源文件</Filter>
    </ClCompile>
    <ClCompile Include="..\src\libCUFEM\BaseReader.cpp">
      <Filter>源文件</Filter>
    </ClCompile>
    <ClCompile Include="..\src\libCUFEM\domain.cpp">
      <Filter>源文件</Filter>
    </ClCompile>
    <ClCompile Include="..\src\libCUFEM\BaseSlnRecord.cpp">
      <Filter>源文件</Filter>
    </ClCompile>
    <ClCompile Include="..\src\libCUFEM\BaseSection.cpp">
      <Filter>源文件</Filter>
    </ClCompile>
    <ClCompile Include="dllmain.cpp">
      <Filter>源文件</Filter>
    </ClCompile>
    <ClCompile Include="libFEMWithCUDA.cpp">
      <Filter>源文件</Filter>
    </ClCompile>
    <ClCompile Include="stdafx.cpp">
      <Filter>源文件</Filter>
    </ClCompile>
    <ClCompile Include="E:\SDK\hbxdef\HBXDEF\MyTimer.cpp">
      <Filter>源文件</Filter>
    </ClCompile>
    <ClCompile Include="..\src\libCUFEM\BaseComponent.cpp">
      <Filter>源文件</Filter>
    </ClCompile>
    <ClCompile Include="..\src\libCUFEM\BaseElement.cpp">
      <Filter>源文件</Filter>
    </ClCompile>
    <ClCompile Include="..\src\FSM\BaseElementOwnedStates.cpp">
      <Filter>源文件</Filter>
    </ClCompile>
    <ClCompile Include="..\src\libCUFEM\Dispatch.cpp">
      <Filter>源文件</Filter>
    </ClCompile>
    <ClCompile Include="E:\SDK\hbxdef\HBXDEF\helper_hbx.cpp">
      <Filter>源文件</Filter>
    </ClCompile>
  </ItemGroup>
  <ItemGroup>
    <ClInclude Include="..\src\libCUFEM\BaseNumMethod.h">
      <Filter>头文件</Filter>
    </ClInclude>
    <ClInclude Include="..\src\libCUFEM\BaseElement.h">
      <Filter>头文件</Filter>
    </ClInclude>
    <ClInclude Include="..\src\libCUFEM\EngngMod.h">
      <Filter>头文件</Filter>
    </ClInclude>
    <ClInclude Include="..\src\libCUFEM\util.h">
      <Filter>头文件</Filter>
    </ClInclude>
    <ClInclude Include="..\src\libCUFEM\MetaStep.h">
      <Filter>头文件</Filter>
    </ClInclude>
    <ClInclude Include="..\src\libCUFEM\BaseSlnRecord.h">
      <Filter>头文件</Filter>
    </ClInclude>
    <ClInclude Include="..\src\libCUFEM\BaseReader.h">
      <Filter>头文件</Filter>
    </ClInclude>
    <ClInclude Include="..\src\libCUFEM\AttriRecord.h">
      <Filter>头文件</Filter>
    </ClInclude>
    <ClInclude Include="..\src\libCUFEM\domain.h">
      <Filter>头文件</Filter>
    </ClInclude>
    <ClInclude Include="..\src\libCUFEM\ClassFactory.h">
      <Filter>头文件</Filter>
    </ClInclude>
    <ClInclude Include="..\src\libCUFEM\BaseBoundary.h">
      <Filter>头文件</Filter>
    </ClInclude>
    <ClInclude Include="..\src\libCUFEM\BaseMaterial.h">
      <Filter>头文件</Filter>
    </ClInclude>
    <ClInclude Include="..\src\libCUFEM\BaseSection.h">
      <Filter>头文件</Filter>
    </ClInclude>
    <ClInclude Include="..\src\libCUFEM\CuFemCmpnt.h">
      <Filter>头文件</Filter>
    </ClInclude>
    <ClInclude Include="..\src\libCUFEM\ContextOutputMode.h">
      <Filter>头文件</Filter>
    </ClInclude>
    <ClInclude Include="..\src\libCUFEM\solverEnum.h">
      <Filter>头文件</Filter>
    </ClInclude>
    <ClInclude Include="..\src\libCUFEM\BaseNode.h">
      <Filter>头文件</Filter>
    </ClInclude>
    <ClInclude Include="..\src\libCUFEM\Set.h">
      <Filter>头文件</Filter>
    </ClInclude>
    <ClInclude Include="..\src\libCUFEM\HBXFEMEngng.h">
      <Filter>头文件</Filter>
    </ClInclude>
    <ClInclude Include="..\src\libCUFEM\ElementProp.h">
      <Filter>头文件</Filter>
    </ClInclude>
    <ClInclude Include="stdafx.h">
      <Filter>头文件</Filter>
    </ClInclude>
    <ClInclude Include="targetver.h">
      <Filter>头文件</Filter>
    </ClInclude>
    <ClInclude Include="E:\SDK\hbxdef\HBXDEF\MyTimer.h">
      <Filter>头文件</Filter>
    </ClInclude>
    <ClInclude Include="..\src\libCUFEM\BaseComponent.h">
      <Filter>头文件</Filter>
    </ClInclude>
    <ClInclude Include="..\src\FSM\StateMachine.h">
      <Filter>头文件</Filter>
    </ClInclude>
    <ClInclude Include="..\src\FSM\State.h">
      <Filter>头文件</Filter>
    </ClInclude>
    <ClInclude Include="..\src\FSM\BaseElementOwnedStates.h">
      <Filter>头文件</Filter>
    </ClInclude>
    <ClInclude Include="E:\SDK\hbxdef\HBXDEF\MessageType.h">
      <Filter>头文件</Filter>
    </ClInclude>
    <ClInclude Include="E:\SDK\hbxdef\HBXDEF\Package.h">
      <Filter>头文件</Filter>
    </ClInclude>
    <ClInclude Include="..\src\libCUFEM\Dispatch.h">
      <Filter>头文件</Filter>
    </ClInclude>
    <ClInclude Include="E:\SDK\hbxdef\HBXDEF\classtype.h">
      <Filter>头文件</Filter>
    </ClInclude>
    <ClInclude Include="E:\SDK\hbxdef\HBXDEF\helper_hbx.h">
      <Filter>头文件</Filter>
    </ClInclude>
    <ClInclude Include="..\src\libCUFEM\InputRecord.h">
      <Filter>头文件</Filter>
    </ClInclude>
  </ItemGroup>
</Project>