<?xml version="1.0" encoding="utf-8"?>
<Project ToolsVersion="4.0" xmlns="http://schemas.microsoft.com/developer/msbuild/2003">
  <ItemGroup>
    <Filter Include="源文件">
      <UniqueIdentifier>{4FC737F1-C7A5-4376-A066-2A32D752A2FF}</UniqueIdentifier>
      <Extensions>cpp;c;cc;cxx;def;odl;idl;hpj;bat;asm;asmx</Extensions>
    </Filter>
    <Filter Include="头文件">
      <UniqueIdentifier>{93995380-89BD-4b04-88EB-625FBE52EBFB}</UniqueIdentifier>
      <Extensions>h;hh;hpp;hxx;hm;inl;inc;xsd</Extensions>
    </Filter>
    <Filter Include="资源文件">
      <UniqueIdentifier>{67DA6AB6-F800-4c08-8B7A-83BB121AAD01}</UniqueIdentifier>
      <Extensions>rc;ico;cur;bmp;dlg;rc2;rct;bin;rgs;gif;jpg;jpeg;jpe;resx;tiff;tif;png;wav;mfcribbon-ms</Extensions>
    </Filter>
  </ItemGroup>
  <ItemGroup>
    <ClInclude Include="stdafx.h">
      <Filter>头文件</Filter>
    </ClInclude>
    <ClInclude Include="targetver.h">
      <Filter>头文件</Filter>
    </ClInclude>
    <ClInclude Include="E:\SDK\hbxdef\CUFEM\BaseNumMethod.h">
      <Filter>头文件</Filter>
    </ClInclude>
    <ClInclude Include="E:\SDK\hbxdef\CUFEM\EngngMod.h">
      <Filter>头文件</Filter>
    </ClInclude>
    <ClInclude Include="E:\SDK\hbxdef\CUFEM\util.h">
      <Filter>头文件</Filter>
    </ClInclude>
    <ClInclude Include="E:\SDK\hbxdef\CUFEM\MetaStep.h">
      <Filter>头文件</Filter>
    </ClInclude>
    <ClInclude Include="E:\SDK\hbxdef\CUFEM\BaseSlnRecord.h">
      <Filter>头文件</Filter>
    </ClInclude>
    <ClInclude Include="E:\SDK\hbxdef\CUFEM\BaseReader.h">
      <Filter>头文件</Filter>
    </ClInclude>
    <ClInclude Include="E:\SDK\hbxdef\CUFEM\PWDataReader.h">
      <Filter>头文件</Filter>
    </ClInclude>
    <ClInclude Include="E:\SDK\hbxdef\CUFEM\AttriRecord.h">
      <Filter>头文件</Filter>
    </ClInclude>
    <ClInclude Include="E:\SDK\hbxdef\CUFEM\domain.h">
      <Filter>头文件</Filter>
    </ClInclude>
    <ClInclude Include="E:\SDK\hbxdef\CUFEM\ClassFactory.h">
      <Filter>头文件</Filter>
    </ClInclude>
    <ClInclude Include="E:\SDK\hbxdef\CUFEM\BaseBoundary.h">
      <Filter>头文件</Filter>
    </ClInclude>
    <ClInclude Include="E:\SDK\hbxdef\CUFEM\BaseElement.h">
      <Filter>头文件</Filter>
    </ClInclude>
    <ClInclude Include="E:\SDK\hbxdef\CUFEM\BaseMaterial.h">
      <Filter>头文件</Filter>
    </ClInclude>
    <ClInclude Include="E:\SDK\hbxdef\CUFEM\BaseSection.h">
      <Filter>头文件</Filter>
    </ClInclude>
    <ClInclude Include="E:\SDK\hbxdef\CUFEM\CuFemCmpnt.h">
      <Filter>头文件</Filter>
    </ClInclude>
    <ClInclude Include="E:\SDK\hbxdef\CUFEM\ContextOutputMode.h">
      <Filter>头文件</Filter>
    </ClInclude>
    <ClInclude Include="E:\SDK\hbxdef\CUFEM\solverEnum.h">
      <Filter>头文件</Filter>
    </ClInclude>
    <ClInclude Include="E:\SDK\hbxdef\CUFEM\BaseNode.h">
      <Filter>头文件</Filter>
    </ClInclude>
    <ClInclude Include="E:\SDK\hbxdef\CUFEM\ElementProp.h">
      <Filter>头文件</Filter>
    </ClInclude>
    <ClInclude Include="E:\SDK\hbxdef\CUFEM\Set.h">
      <Filter>头文件</Filter>
    </ClInclude>
    <ClInclude Include="E:\SDK\hbxdef\CUFEM\classtype.h">
      <Filter>头文件</Filter>
    </ClInclude>
    <ClInclude Include="E:\SDK\hbxdef\CUFEM\HBXFEMEngng.h">
      <Filter>头文件</Filter>
    </ClInclude>
    <ClInclude Include="E:\SDK\hbxdef\HBXDEF\CuDefMacro.h">
      <Filter>头文件</Filter>
    </ClInclude>
    <ClInclude Include="E:\SDK\hbxdef\HBXDEF\MyTimer.h">
      <Filter>头文件</Filter>
    </ClInclude>
  </ItemGroup>
  <ItemGroup>
    <ClCompile Include="stdafx.cpp">
      <Filter>源文件</Filter>
    </ClCompile>
    <ClCompile Include="libFEMWithCUDA.cpp">
      <Filter>源文件</Filter>
    </ClCompile>
    <ClCompile Include="dllmain.cpp">
      <Filter>源文件</Filter>
    </ClCompile>
    <ClCompile Include="E:\SDK\hbxdef\CUFEM\util.cpp">
      <Filter>头文件</Filter>
    </ClCompile>
    <ClCompile Include="E:\SDK\hbxdef\CUFEM\AttriRecord.cpp">
      <Filter>源文件</Filter>
    </ClCompile>
    <ClCompile Include="E:\SDK\hbxdef\CUFEM\BaseNumMethod.cpp">
      <Filter>源文件</Filter>
    </ClCompile>
    <ClCompile Include="E:\SDK\hbxdef\CUFEM\BaseReader.cpp">
      <Filter>源文件</Filter>
    </ClCompile>
    <ClCompile Include="E:\SDK\hbxdef\CUFEM\BaseSection.cpp">
      <Filter>源文件</Filter>
    </ClCompile>
    <ClCompile Include="E:\SDK\hbxdef\CUFEM\BaseSlnRecord.cpp">
      <Filter>源文件</Filter>
    </ClCompile>
    <ClCompile Include="E:\SDK\hbxdef\CUFEM\ClassFactory.cpp">
      <Filter>源文件</Filter>
    </ClCompile>
    <ClCompile Include="E:\SDK\hbxdef\CUFEM\domain.cpp">
      <Filter>源文件</Filter>
    </ClCompile>
    <ClCompile Include="E:\SDK\hbxdef\CUFEM\EngngMod.cpp">
      <Filter>源文件</Filter>
    </ClCompile>
    <ClCompile Include="E:\SDK\hbxdef\CUFEM\MetaStep.cpp">
      <Filter>源文件</Filter>
    </ClCompile>
    <ClCompile Include="E:\SDK\hbxdef\CUFEM\PWDataReader.cpp">
      <Filter>源文件</Filter>
    </ClCompile>
    <ClCompile Include="E:\SDK\hbxdef\HBXDEF\MyTimer.cpp">
      <Filter>源文件</Filter>
    </ClCompile>
  </ItemGroup>
</Project>